
Microsoft Visual Studio Solution File, Format Version 12.00
# Visual Studio Version 16
VisualStudioVersion = 16.0.29613.14
MinimumVisualStudioVersion = 10.0.40219.1
Project("{FAE04EC0-301F-11D3-BF4B-00C04F79EFBC}") = "AOC2017", "AOC2017.csproj", "{90B189B4-0E5E-48A6-8AB7-85E52609B8E3}"
EndProject
Global
	GlobalSection(SolutionConfigurationPlatforms) = preSolution
		Debug|Any CPU = Debug|Any CPU
		Release|Any CPU = Release|Any CPU
	EndGlobalSection
	GlobalSection(ProjectConfigurationPlatforms) = postSolution
		{90B189B4-0E5E-48A6-8AB7-85E52609B8E3}.Debug|Any CPU.ActiveCfg = Debug|Any CPU
		{90B189B4-0E5E-48A6-8AB7-85E52609B8E3}.Debug|Any CPU.Build.0 = Debug|Any CPU
		{90B189B4-0E5E-48A6-8AB7-85E52609B8E3}.Release|Any CPU.ActiveCfg = Release|Any CPU
		{90B189B4-0E5E-48A6-8AB7-85E52609B8E3}.Release|Any CPU.Build.0 = Release|Any CPU
	EndGlobalSection
	GlobalSection(SolutionProperties) = preSolution
		HideSolutionNode = FALSE
	EndGlobalSection
	GlobalSection(ExtensibilityGlobals) = postSolution
		SolutionGuid = {92F1CB61-2A15-41C3-AC03-A2BBDA807110}
	EndGlobalSection
EndGlobal
